
Microsoft Visual Studio Solution File, Format Version 12.00
# Visual Studio Version 17
VisualStudioVersion = 17.1.32210.238
MinimumVisualStudioVersion = 10.0.40219.1
Project("{FAE04EC0-301F-11D3-BF4B-00C04F79EFBC}") = "BOL", "BOL\BOL.csproj", "{FB9E3A51-19E2-430B-AA71-3B1BB1140C8E}"
EndProject
Global
	GlobalSection(SolutionConfigurationPlatforms) = preSolution
		Debug|Any CPU = Debug|Any CPU
		Release|Any CPU = Release|Any CPU
	EndGlobalSection
	GlobalSection(ProjectConfigurationPlatforms) = postSolution
		{FB9E3A51-19E2-430B-AA71-3B1BB1140C8E}.Debug|Any CPU.ActiveCfg = Debug|Any CPU
		{FB9E3A51-19E2-430B-AA71-3B1BB1140C8E}.Debug|Any CPU.Build.0 = Debug|Any CPU
		{FB9E3A51-19E2-430B-AA71-3B1BB1140C8E}.Release|Any CPU.ActiveCfg = Release|Any CPU
		{FB9E3A51-19E2-430B-AA71-3B1BB1140C8E}.Release|Any CPU.Build.0 = Release|Any CPU
	EndGlobalSection
	GlobalSection(SolutionProperties) = preSolution
		HideSolutionNode = FALSE
	EndGlobalSection
	GlobalSection(ExtensibilityGlobals) = postSolution
		SolutionGuid = {48D9423F-C681-41C0-B689-05D2A467C60E}
	EndGlobalSection
EndGlobal
