
Microsoft Visual Studio Solution File, Format Version 12.00
# Visual Studio Version 17
VisualStudioVersion = 17.1.32210.238
MinimumVisualStudioVersion = 10.0.40219.1
Project("{FAE04EC0-301F-11D3-BF4B-00C04F79EFBC}") = "Access_specifier_refernce_namespace", "Access_specifier_refernce_namespace\Access_specifier_refernce_namespace.csproj", "{87FB7E2C-EABB-45C7-A9A4-B6ECAA7115FF}"
EndProject
Project("{FAE04EC0-301F-11D3-BF4B-00C04F79EFBC}") = "App2", "App2\App2.csproj", "{7FC78F92-0DD4-433E-A8C2-FB95801FA625}"
EndProject
Project("{FAE04EC0-301F-11D3-BF4B-00C04F79EFBC}") = "Encapsulation", "Encapsulation\Encapsulation.csproj", "{FEE6B9DA-AC71-4535-BD49-7FF91B8DAAEB}"
EndProject
Project("{FAE04EC0-301F-11D3-BF4B-00C04F79EFBC}") = "Properties", "Properties\Properties.csproj", "{2FB094E4-4C3C-423D-AE66-B0C612C27348}"
EndProject
Project("{FAE04EC0-301F-11D3-BF4B-00C04F79EFBC}") = "Static_prop", "Static_prop\Static_prop.csproj", "{7A1BB0FD-962D-4110-9D3E-DE4AA9E3BB3B}"
EndProject
Global
	GlobalSection(SolutionConfigurationPlatforms) = preSolution
		Debug|Any CPU = Debug|Any CPU
		Release|Any CPU = Release|Any CPU
	EndGlobalSection
	GlobalSection(ProjectConfigurationPlatforms) = postSolution
		{87FB7E2C-EABB-45C7-A9A4-B6ECAA7115FF}.Debug|Any CPU.ActiveCfg = Debug|Any CPU
		{87FB7E2C-EABB-45C7-A9A4-B6ECAA7115FF}.Debug|Any CPU.Build.0 = Debug|Any CPU
		{87FB7E2C-EABB-45C7-A9A4-B6ECAA7115FF}.Release|Any CPU.ActiveCfg = Release|Any CPU
		{87FB7E2C-EABB-45C7-A9A4-B6ECAA7115FF}.Release|Any CPU.Build.0 = Release|Any CPU
		{7FC78F92-0DD4-433E-A8C2-FB95801FA625}.Debug|Any CPU.ActiveCfg = Debug|Any CPU
		{7FC78F92-0DD4-433E-A8C2-FB95801FA625}.Debug|Any CPU.Build.0 = Debug|Any CPU
		{7FC78F92-0DD4-433E-A8C2-FB95801FA625}.Release|Any CPU.ActiveCfg = Release|Any CPU
		{7FC78F92-0DD4-433E-A8C2-FB95801FA625}.Release|Any CPU.Build.0 = Release|Any CPU
		{FEE6B9DA-AC71-4535-BD49-7FF91B8DAAEB}.Debug|Any CPU.ActiveCfg = Debug|Any CPU
		{FEE6B9DA-AC71-4535-BD49-7FF91B8DAAEB}.Debug|Any CPU.Build.0 = Debug|Any CPU
		{FEE6B9DA-AC71-4535-BD49-7FF91B8DAAEB}.Release|Any CPU.ActiveCfg = Release|Any CPU
		{FEE6B9DA-AC71-4535-BD49-7FF91B8DAAEB}.Release|Any CPU.Build.0 = Release|Any CPU
		{2FB094E4-4C3C-423D-AE66-B0C612C27348}.Debug|Any CPU.ActiveCfg = Debug|Any CPU
		{2FB094E4-4C3C-423D-AE66-B0C612C27348}.Debug|Any CPU.Build.0 = Debug|Any CPU
		{2FB094E4-4C3C-423D-AE66-B0C612C27348}.Release|Any CPU.ActiveCfg = Release|Any CPU
		{2FB094E4-4C3C-423D-AE66-B0C612C27348}.Release|Any CPU.Build.0 = Release|Any CPU
		{7A1BB0FD-962D-4110-9D3E-DE4AA9E3BB3B}.Debug|Any CPU.ActiveCfg = Debug|Any CPU
		{7A1BB0FD-962D-4110-9D3E-DE4AA9E3BB3B}.Debug|Any CPU.Build.0 = Debug|Any CPU
		{7A1BB0FD-962D-4110-9D3E-DE4AA9E3BB3B}.Release|Any CPU.ActiveCfg = Release|Any CPU
		{7A1BB0FD-962D-4110-9D3E-DE4AA9E3BB3B}.Release|Any CPU.Build.0 = Release|Any CPU
	EndGlobalSection
	GlobalSection(SolutionProperties) = preSolution
		HideSolutionNode = FALSE
	EndGlobalSection
	GlobalSection(ExtensibilityGlobals) = postSolution
		SolutionGuid = {7BA5476F-CF68-45C5-8FB6-429934084165}
	EndGlobalSection
EndGlobal
